
Microsoft Visual Studio Solution File, Format Version 12.00
# Visual Studio Version 17
VisualStudioVersion = 17.3.32804.467
MinimumVisualStudioVersion = 10.0.40219.1
Project("{9A19103F-16F7-4668-BE54-9A1E7A4F7556}") = "Basic_Task", "Parallel_Samples\Basic_Task.csproj", "{D37EF243-11CE-4F7D-BD94-163F3935D54D}"
EndProject
Project("{9A19103F-16F7-4668-BE54-9A1E7A4F7556}") = "CI_Task", "CI_Task\CI_Task.csproj", "{9C7449D4-3319-4C6D-A967-640E4448DD82}"
EndProject
Project("{9A19103F-16F7-4668-BE54-9A1E7A4F7556}") = "ParallelAsync", "ParallelAsync\ParallelAsync.csproj", "{570FF9F4-BE53-4FA9-939D-BF3008573BEB}"
EndProject
Project("{9A19103F-16F7-4668-BE54-9A1E7A4F7556}") = "ParallelTaskWithLimit", "ParallelTaskWithLimit\ParallelTaskWithLimit.csproj", "{CC67BAB3-B153-4827-8846-A2F5A43A4305}"
EndProject
Project("{9A19103F-16F7-4668-BE54-9A1E7A4F7556}") = "AsyncDB", "AsyncDB\AsyncDB.csproj", "{051481DD-99F3-417E-8EE3-FD24043E1BA6}"
EndProject
Project("{9A19103F-16F7-4668-BE54-9A1E7A4F7556}") = "BulkInsertWithXml", "BulkInsertWithXml\BulkInsertWithXml.csproj", "{A51AD4CB-ED7F-4CBE-90CC-411BB64F7E75}"
EndProject
Project("{9A19103F-16F7-4668-BE54-9A1E7A4F7556}") = "CIReceiver-BatchInsertWithCaching", "CIReceiver-BatchInsertWithCaching\CIReceiver-BatchInsertWithCaching.csproj", "{534064B9-9143-46BA-A92C-A72DF2F8ED1E}"
EndProject
Project("{9A19103F-16F7-4668-BE54-9A1E7A4F7556}") = "CI-IdentifierWithCaching", "CI-IdentifierWithCaching\CI-IdentifierWithCaching.csproj", "{73AFA08D-9109-4E5F-852F-5093C149B668}"
EndProject
Project("{FAE04EC0-301F-11D3-BF4B-00C04F79EFBC}") = "ThreadSamples", "ThreadSamples\ThreadSamples.csproj", "{35DDCCF9-7BDB-4F86-9023-431CD332E10F}"
EndProject
Global
	GlobalSection(SolutionConfigurationPlatforms) = preSolution
		Debug|Any CPU = Debug|Any CPU
		Release|Any CPU = Release|Any CPU
	EndGlobalSection
	GlobalSection(ProjectConfigurationPlatforms) = postSolution
		{D37EF243-11CE-4F7D-BD94-163F3935D54D}.Debug|Any CPU.ActiveCfg = Debug|Any CPU
		{D37EF243-11CE-4F7D-BD94-163F3935D54D}.Debug|Any CPU.Build.0 = Debug|Any CPU
		{D37EF243-11CE-4F7D-BD94-163F3935D54D}.Release|Any CPU.ActiveCfg = Release|Any CPU
		{D37EF243-11CE-4F7D-BD94-163F3935D54D}.Release|Any CPU.Build.0 = Release|Any CPU
		{9C7449D4-3319-4C6D-A967-640E4448DD82}.Debug|Any CPU.ActiveCfg = Debug|Any CPU
		{9C7449D4-3319-4C6D-A967-640E4448DD82}.Debug|Any CPU.Build.0 = Debug|Any CPU
		{9C7449D4-3319-4C6D-A967-640E4448DD82}.Release|Any CPU.ActiveCfg = Release|Any CPU
		{9C7449D4-3319-4C6D-A967-640E4448DD82}.Release|Any CPU.Build.0 = Release|Any CPU
		{570FF9F4-BE53-4FA9-939D-BF3008573BEB}.Debug|Any CPU.ActiveCfg = Debug|Any CPU
		{570FF9F4-BE53-4FA9-939D-BF3008573BEB}.Debug|Any CPU.Build.0 = Debug|Any CPU
		{570FF9F4-BE53-4FA9-939D-BF3008573BEB}.Release|Any CPU.ActiveCfg = Release|Any CPU
		{570FF9F4-BE53-4FA9-939D-BF3008573BEB}.Release|Any CPU.Build.0 = Release|Any CPU
		{CC67BAB3-B153-4827-8846-A2F5A43A4305}.Debug|Any CPU.ActiveCfg = Debug|Any CPU
		{CC67BAB3-B153-4827-8846-A2F5A43A4305}.Debug|Any CPU.Build.0 = Debug|Any CPU
		{CC67BAB3-B153-4827-8846-A2F5A43A4305}.Release|Any CPU.ActiveCfg = Release|Any CPU
		{CC67BAB3-B153-4827-8846-A2F5A43A4305}.Release|Any CPU.Build.0 = Release|Any CPU
		{051481DD-99F3-417E-8EE3-FD24043E1BA6}.Debug|Any CPU.ActiveCfg = Debug|Any CPU
		{051481DD-99F3-417E-8EE3-FD24043E1BA6}.Debug|Any CPU.Build.0 = Debug|Any CPU
		{051481DD-99F3-417E-8EE3-FD24043E1BA6}.Release|Any CPU.ActiveCfg = Release|Any CPU
		{051481DD-99F3-417E-8EE3-FD24043E1BA6}.Release|Any CPU.Build.0 = Release|Any CPU
		{A51AD4CB-ED7F-4CBE-90CC-411BB64F7E75}.Debug|Any CPU.ActiveCfg = Debug|Any CPU
		{A51AD4CB-ED7F-4CBE-90CC-411BB64F7E75}.Debug|Any CPU.Build.0 = Debug|Any CPU
		{A51AD4CB-ED7F-4CBE-90CC-411BB64F7E75}.Release|Any CPU.ActiveCfg = Release|Any CPU
		{A51AD4CB-ED7F-4CBE-90CC-411BB64F7E75}.Release|Any CPU.Build.0 = Release|Any CPU
		{534064B9-9143-46BA-A92C-A72DF2F8ED1E}.Debug|Any CPU.ActiveCfg = Debug|Any CPU
		{534064B9-9143-46BA-A92C-A72DF2F8ED1E}.Debug|Any CPU.Build.0 = Debug|Any CPU
		{534064B9-9143-46BA-A92C-A72DF2F8ED1E}.Release|Any CPU.ActiveCfg = Release|Any CPU
		{534064B9-9143-46BA-A92C-A72DF2F8ED1E}.Release|Any CPU.Build.0 = Release|Any CPU
		{73AFA08D-9109-4E5F-852F-5093C149B668}.Debug|Any CPU.ActiveCfg = Debug|Any CPU
		{73AFA08D-9109-4E5F-852F-5093C149B668}.Debug|Any CPU.Build.0 = Debug|Any CPU
		{73AFA08D-9109-4E5F-852F-5093C149B668}.Release|Any CPU.ActiveCfg = Release|Any CPU
		{73AFA08D-9109-4E5F-852F-5093C149B668}.Release|Any CPU.Build.0 = Release|Any CPU
		{35DDCCF9-7BDB-4F86-9023-431CD332E10F}.Debug|Any CPU.ActiveCfg = Debug|Any CPU
		{35DDCCF9-7BDB-4F86-9023-431CD332E10F}.Debug|Any CPU.Build.0 = Debug|Any CPU
		{35DDCCF9-7BDB-4F86-9023-431CD332E10F}.Release|Any CPU.ActiveCfg = Release|Any CPU
		{35DDCCF9-7BDB-4F86-9023-431CD332E10F}.Release|Any CPU.Build.0 = Release|Any CPU
	EndGlobalSection
	GlobalSection(SolutionProperties) = preSolution
		HideSolutionNode = FALSE
	EndGlobalSection
	GlobalSection(ExtensibilityGlobals) = postSolution
		SolutionGuid = {24914BB1-F425-46E0-8F40-0AEC8DAEF355}
	EndGlobalSection
EndGlobal
